
Microsoft Visual Studio Solution File, Format Version 12.00
# Visual Studio 14
VisualStudioVersion = 14.0.23107.0
MinimumVisualStudioVersion = 10.0.40219.1
Project("{FAE04EC0-301F-11D3-BF4B-00C04F79EFBC}") = "Delopgave1", "Delopgave1\Delopgave1.csproj", "{92802721-AD95-46F0-BA07-889CA79B07D1}"
EndProject
Project("{FAE04EC0-301F-11D3-BF4B-00C04F79EFBC}") = "Delopgave2", "Delopgave2\Delopgave2.csproj", "{5E876995-D4B2-4908-A1F0-B04722845689}"
EndProject
Global
	GlobalSection(SolutionConfigurationPlatforms) = preSolution
		Debug|Any CPU = Debug|Any CPU
		Release|Any CPU = Release|Any CPU
	EndGlobalSection
	GlobalSection(ProjectConfigurationPlatforms) = postSolution
		{92802721-AD95-46F0-BA07-889CA79B07D1}.Debug|Any CPU.ActiveCfg = Debug|Any CPU
		{92802721-AD95-46F0-BA07-889CA79B07D1}.Debug|Any CPU.Build.0 = Debug|Any CPU
		{92802721-AD95-46F0-BA07-889CA79B07D1}.Release|Any CPU.ActiveCfg = Release|Any CPU
		{92802721-AD95-46F0-BA07-889CA79B07D1}.Release|Any CPU.Build.0 = Release|Any CPU
		{5E876995-D4B2-4908-A1F0-B04722845689}.Debug|Any CPU.ActiveCfg = Debug|Any CPU
		{5E876995-D4B2-4908-A1F0-B04722845689}.Debug|Any CPU.Build.0 = Debug|Any CPU
		{5E876995-D4B2-4908-A1F0-B04722845689}.Release|Any CPU.ActiveCfg = Release|Any CPU
		{5E876995-D4B2-4908-A1F0-B04722845689}.Release|Any CPU.Build.0 = Release|Any CPU
	EndGlobalSection
	GlobalSection(SolutionProperties) = preSolution
		HideSolutionNode = FALSE
	EndGlobalSection
EndGlobal
